
Microsoft Visual Studio Solution File, Format Version 12.00
# Visual Studio Version 17
VisualStudioVersion = 17.0.31903.59
MinimumVisualStudioVersion = 10.0.40219.1
Project("{FAE04EC0-301F-11D3-BF4B-00C04F79EFBC}") = "LabSync.Server", "LabSync.Server\LabSync.Server.csproj", "{CE06BF2B-6619-4A3F-8A15-E42290BE6386}"
EndProject
Project("{FAE04EC0-301F-11D3-BF4B-00C04F79EFBC}") = "LabSync.Agent", "LabSync.Agent\LabSync.Agent.csproj", "{91AC5980-D71F-4965-B976-43C3C6F7F57D}"
EndProject
Project("{FAE04EC0-301F-11D3-BF4B-00C04F79EFBC}") = "LabSync.Core", "LabSync.Core\LabSync.Core.csproj", "{407AC438-70C5-41A1-822C-C546062A4757}"
EndProject
Project("{2150E333-8FDC-42A3-9474-1A3956D46DE8}") = "Modules", "Modules", "{CA253913-39DE-BFD0-C9A3-4B7EC6FBDF17}"
EndProject
Project("{FAE04EC0-301F-11D3-BF4B-00C04F79EFBC}") = "LabSync.Modules.SystemInfo", "Modules\LabSync.Modules.SystemInfo\LabSync.Modules.SystemInfo.csproj", "{CCAA4696-7CE6-47D3-8672-032DF2EAC4EB}"
EndProject
Project("{FAE04EC0-301F-11D3-BF4B-00C04F79EFBC}") = "LabSync.Modules.RemoteDesktop", "Modules\LabSync.Modules.RemoteDesktop\LabSync.Modules.RemoteDesktop.csproj", "{430BADA4-A551-43AF-BDA8-3A5D3B009A5F}"
EndProject
Project("{FAE04EC0-301F-11D3-BF4B-00C04F79EFBC}") = "LabSync.Modules.SSH", "Modules\LabSync.Modules.SSH\LabSync.Modules.SSH.csproj", "{B04721D6-5E8C-49BD-A45E-F629750353B5}"
EndProject
Project("{FAE04EC0-301F-11D3-BF4B-00C04F79EFBC}") = "LabSync.Modules.ScriptExecutor", "Modules\LabSync.Modules.ScriptExecutor\LabSync.Modules.ScriptExecutor.csproj", "{D1FE6D4F-6266-4CF6-9D77-E4E8E4824047}"
EndProject
Global
	GlobalSection(SolutionConfigurationPlatforms) = preSolution
		Debug|Any CPU = Debug|Any CPU
		Debug|x64 = Debug|x64
		Debug|x86 = Debug|x86
		Release|Any CPU = Release|Any CPU
		Release|x64 = Release|x64
		Release|x86 = Release|x86
	EndGlobalSection
	GlobalSection(ProjectConfigurationPlatforms) = postSolution
		{CE06BF2B-6619-4A3F-8A15-E42290BE6386}.Debug|Any CPU.ActiveCfg = Debug|Any CPU
		{CE06BF2B-6619-4A3F-8A15-E42290BE6386}.Debug|Any CPU.Build.0 = Debug|Any CPU
		{CE06BF2B-6619-4A3F-8A15-E42290BE6386}.Debug|x64.ActiveCfg = Debug|Any CPU
		{CE06BF2B-6619-4A3F-8A15-E42290BE6386}.Debug|x64.Build.0 = Debug|Any CPU
		{CE06BF2B-6619-4A3F-8A15-E42290BE6386}.Debug|x86.ActiveCfg = Debug|Any CPU
		{CE06BF2B-6619-4A3F-8A15-E42290BE6386}.Debug|x86.Build.0 = Debug|Any CPU
		{CE06BF2B-6619-4A3F-8A15-E42290BE6386}.Release|Any CPU.ActiveCfg = Release|Any CPU
		{CE06BF2B-6619-4A3F-8A15-E42290BE6386}.Release|Any CPU.Build.0 = Release|Any CPU
		{CE06BF2B-6619-4A3F-8A15-E42290BE6386}.Release|x64.ActiveCfg = Release|Any CPU
		{CE06BF2B-6619-4A3F-8A15-E42290BE6386}.Release|x64.Build.0 = Release|Any CPU
		{CE06BF2B-6619-4A3F-8A15-E42290BE6386}.Release|x86.ActiveCfg = Release|Any CPU
		{CE06BF2B-6619-4A3F-8A15-E42290BE6386}.Release|x86.Build.0 = Release|Any CPU
		{91AC5980-D71F-4965-B976-43C3C6F7F57D}.Debug|Any CPU.ActiveCfg = Debug|Any CPU
		{91AC5980-D71F-4965-B976-43C3C6F7F57D}.Debug|Any CPU.Build.0 = Debug|Any CPU
		{91AC5980-D71F-4965-B976-43C3C6F7F57D}.Debug|x64.ActiveCfg = Debug|Any CPU
		{91AC5980-D71F-4965-B976-43C3C6F7F57D}.Debug|x64.Build.0 = Debug|Any CPU
		{91AC5980-D71F-4965-B976-43C3C6F7F57D}.Debug|x86.ActiveCfg = Debug|Any CPU
		{91AC5980-D71F-4965-B976-43C3C6F7F57D}.Debug|x86.Build.0 = Debug|Any CPU
		{91AC5980-D71F-4965-B976-43C3C6F7F57D}.Release|Any CPU.ActiveCfg = Release|Any CPU
		{91AC5980-D71F-4965-B976-43C3C6F7F57D}.Release|Any CPU.Build.0 = Release|Any CPU
		{91AC5980-D71F-4965-B976-43C3C6F7F57D}.Release|x64.ActiveCfg = Release|Any CPU
		{91AC5980-D71F-4965-B976-43C3C6F7F57D}.Release|x64.Build.0 = Release|Any CPU
		{91AC5980-D71F-4965-B976-43C3C6F7F57D}.Release|x86.ActiveCfg = Release|Any CPU
		{91AC5980-D71F-4965-B976-43C3C6F7F57D}.Release|x86.Build.0 = Release|Any CPU
		{407AC438-70C5-41A1-822C-C546062A4757}.Debug|Any CPU.ActiveCfg = Debug|Any CPU
		{407AC438-70C5-41A1-822C-C546062A4757}.Debug|Any CPU.Build.0 = Debug|Any CPU
		{407AC438-70C5-41A1-822C-C546062A4757}.Debug|x64.ActiveCfg = Debug|Any CPU
		{407AC438-70C5-41A1-822C-C546062A4757}.Debug|x64.Build.0 = Debug|Any CPU
		{407AC438-70C5-41A1-822C-C546062A4757}.Debug|x86.ActiveCfg = Debug|Any CPU
		{407AC438-70C5-41A1-822C-C546062A4757}.Debug|x86.Build.0 = Debug|Any CPU
		{407AC438-70C5-41A1-822C-C546062A4757}.Release|Any CPU.ActiveCfg = Release|Any CPU
		{407AC438-70C5-41A1-822C-C546062A4757}.Release|Any CPU.Build.0 = Release|Any CPU
		{407AC438-70C5-41A1-822C-C546062A4757}.Release|x64.ActiveCfg = Release|Any CPU
		{407AC438-70C5-41A1-822C-C546062A4757}.Release|x64.Build.0 = Release|Any CPU
		{407AC438-70C5-41A1-822C-C546062A4757}.Release|x86.ActiveCfg = Release|Any CPU
		{407AC438-70C5-41A1-822C-C546062A4757}.Release|x86.Build.0 = Release|Any CPU
		{CCAA4696-7CE6-47D3-8672-032DF2EAC4EB}.Debug|Any CPU.ActiveCfg = Debug|Any CPU
		{CCAA4696-7CE6-47D3-8672-032DF2EAC4EB}.Debug|Any CPU.Build.0 = Debug|Any CPU
		{CCAA4696-7CE6-47D3-8672-032DF2EAC4EB}.Debug|x64.ActiveCfg = Debug|Any CPU
		{CCAA4696-7CE6-47D3-8672-032DF2EAC4EB}.Debug|x64.Build.0 = Debug|Any CPU
		{CCAA4696-7CE6-47D3-8672-032DF2EAC4EB}.Debug|x86.ActiveCfg = Debug|Any CPU
		{CCAA4696-7CE6-47D3-8672-032DF2EAC4EB}.Debug|x86.Build.0 = Debug|Any CPU
		{CCAA4696-7CE6-47D3-8672-032DF2EAC4EB}.Release|Any CPU.ActiveCfg = Release|Any CPU
		{CCAA4696-7CE6-47D3-8672-032DF2EAC4EB}.Release|Any CPU.Build.0 = Release|Any CPU
		{CCAA4696-7CE6-47D3-8672-032DF2EAC4EB}.Release|x64.ActiveCfg = Release|Any CPU
		{CCAA4696-7CE6-47D3-8672-032DF2EAC4EB}.Release|x64.Build.0 = Release|Any CPU
		{CCAA4696-7CE6-47D3-8672-032DF2EAC4EB}.Release|x86.ActiveCfg = Release|Any CPU
		{CCAA4696-7CE6-47D3-8672-032DF2EAC4EB}.Release|x86.Build.0 = Release|Any CPU
		{430BADA4-A551-43AF-BDA8-3A5D3B009A5F}.Debug|Any CPU.ActiveCfg = Debug|Any CPU
		{430BADA4-A551-43AF-BDA8-3A5D3B009A5F}.Debug|Any CPU.Build.0 = Debug|Any CPU
		{430BADA4-A551-43AF-BDA8-3A5D3B009A5F}.Debug|x64.ActiveCfg = Debug|Any CPU
		{430BADA4-A551-43AF-BDA8-3A5D3B009A5F}.Debug|x64.Build.0 = Debug|Any CPU
		{430BADA4-A551-43AF-BDA8-3A5D3B009A5F}.Debug|x86.ActiveCfg = Debug|Any CPU
		{430BADA4-A551-43AF-BDA8-3A5D3B009A5F}.Debug|x86.Build.0 = Debug|Any CPU
		{430BADA4-A551-43AF-BDA8-3A5D3B009A5F}.Release|Any CPU.ActiveCfg = Release|Any CPU
		{430BADA4-A551-43AF-BDA8-3A5D3B009A5F}.Release|Any CPU.Build.0 = Release|Any CPU
		{430BADA4-A551-43AF-BDA8-3A5D3B009A5F}.Release|x64.ActiveCfg = Release|Any CPU
		{430BADA4-A551-43AF-BDA8-3A5D3B009A5F}.Release|x64.Build.0 = Release|Any CPU
		{430BADA4-A551-43AF-BDA8-3A5D3B009A5F}.Release|x86.ActiveCfg = Release|Any CPU
		{430BADA4-A551-43AF-BDA8-3A5D3B009A5F}.Release|x86.Build.0 = Release|Any CPU
		{B04721D6-5E8C-49BD-A45E-F629750353B5}.Debug|Any CPU.ActiveCfg = Debug|Any CPU
		{B04721D6-5E8C-49BD-A45E-F629750353B5}.Debug|Any CPU.Build.0 = Debug|Any CPU
		{B04721D6-5E8C-49BD-A45E-F629750353B5}.Debug|x64.ActiveCfg = Debug|Any CPU
		{B04721D6-5E8C-49BD-A45E-F629750353B5}.Debug|x64.Build.0 = Debug|Any CPU
		{B04721D6-5E8C-49BD-A45E-F629750353B5}.Debug|x86.ActiveCfg = Debug|Any CPU
		{B04721D6-5E8C-49BD-A45E-F629750353B5}.Debug|x86.Build.0 = Debug|Any CPU
		{B04721D6-5E8C-49BD-A45E-F629750353B5}.Release|Any CPU.ActiveCfg = Release|Any CPU
		{B04721D6-5E8C-49BD-A45E-F629750353B5}.Release|Any CPU.Build.0 = Release|Any CPU
		{B04721D6-5E8C-49BD-A45E-F629750353B5}.Release|x64.ActiveCfg = Release|Any CPU
		{B04721D6-5E8C-49BD-A45E-F629750353B5}.Release|x64.Build.0 = Release|Any CPU
		{B04721D6-5E8C-49BD-A45E-F629750353B5}.Release|x86.ActiveCfg = Release|Any CPU
		{B04721D6-5E8C-49BD-A45E-F629750353B5}.Release|x86.Build.0 = Release|Any CPU
		{D1FE6D4F-6266-4CF6-9D77-E4E8E4824047}.Debug|Any CPU.ActiveCfg = Debug|Any CPU
		{D1FE6D4F-6266-4CF6-9D77-E4E8E4824047}.Debug|Any CPU.Build.0 = Debug|Any CPU
		{D1FE6D4F-6266-4CF6-9D77-E4E8E4824047}.Debug|x64.ActiveCfg = Debug|Any CPU
		{D1FE6D4F-6266-4CF6-9D77-E4E8E4824047}.Debug|x64.Build.0 = Debug|Any CPU
		{D1FE6D4F-6266-4CF6-9D77-E4E8E4824047}.Debug|x86.ActiveCfg = Debug|Any CPU
		{D1FE6D4F-6266-4CF6-9D77-E4E8E4824047}.Debug|x86.Build.0 = Debug|Any CPU
		{D1FE6D4F-6266-4CF6-9D77-E4E8E4824047}.Release|Any CPU.ActiveCfg = Release|Any CPU
		{D1FE6D4F-6266-4CF6-9D77-E4E8E4824047}.Release|Any CPU.Build.0 = Release|Any CPU
		{D1FE6D4F-6266-4CF6-9D77-E4E8E4824047}.Release|x64.ActiveCfg = Release|Any CPU
		{D1FE6D4F-6266-4CF6-9D77-E4E8E4824047}.Release|x64.Build.0 = Release|Any CPU
		{D1FE6D4F-6266-4CF6-9D77-E4E8E4824047}.Release|x86.ActiveCfg = Release|Any CPU
		{D1FE6D4F-6266-4CF6-9D77-E4E8E4824047}.Release|x86.Build.0 = Release|Any CPU
	EndGlobalSection
	GlobalSection(SolutionProperties) = preSolution
		HideSolutionNode = FALSE
	EndGlobalSection
	GlobalSection(NestedProjects) = preSolution
		{CCAA4696-7CE6-47D3-8672-032DF2EAC4EB} = {CA253913-39DE-BFD0-C9A3-4B7EC6FBDF17}
		{430BADA4-A551-43AF-BDA8-3A5D3B009A5F} = {CA253913-39DE-BFD0-C9A3-4B7EC6FBDF17}
		{B04721D6-5E8C-49BD-A45E-F629750353B5} = {CA253913-39DE-BFD0-C9A3-4B7EC6FBDF17}
		{D1FE6D4F-6266-4CF6-9D77-E4E8E4824047} = {CA253913-39DE-BFD0-C9A3-4B7EC6FBDF17}
	EndGlobalSection
EndGlobal
